{
  "name": "ts2.1",
  "version": "1.0.0",
  "lockfileVersion": 2,
  "requires": true,
  "packages": {
    "": {
      "name": "ts2.1",
      "version": "1.0.0",
      "license": "ISC",
      "dependencies": {
        "yash22ts2": "^2.0.0"
      },
      "devDependencies": {
        "@types/node": "^18.7.6"
      }
    },
    "node_modules/@types/node": {
      "version": "18.7.6",
      "resolved": "https://registry.npmjs.org/@types/node/-/node-18.7.6.tgz",
      "integrity": "sha512-EdxgKRXgYsNITy5mjjXjVE/CS8YENSdhiagGrLqjG0pvA2owgJ6i4l7wy/PFZGC0B1/H20lWKN7ONVDNYDZm7A==",
      "dev": true
    },
    "node_modules/yash22ts2": {
      "version": "2.0.0",
      "resolved": "https://registry.npmjs.org/yash22ts2/-/yash22ts2-2.0.0.tgz",
      "integrity": "sha512-RI/jIEEvC53b3ovJ/88Al2Rz+FGJLpKAMPCyKuIJfW+6VGs9MN11sYj1K0cDN6GJQdUaPaXSkpHD7Hb+4aJ4lQ=="
    }
  },
  "dependencies": {
    "@types/node": {
      "version": "18.7.6",
      "resolved": "https://registry.npmjs.org/@types/node/-/node-18.7.6.tgz",
      "integrity": "sha512-EdxgKRXgYsNITy5mjjXjVE/CS8YENSdhiagGrLqjG0pvA2owgJ6i4l7wy/PFZGC0B1/H20lWKN7ONVDNYDZm7A==",
      "dev": true
    },
    "yash22ts2": {
      "version": "2.0.0",
      "resolved": "https://registry.npmjs.org/yash22ts2/-/yash22ts2-2.0.0.tgz",
      "integrity": "sha512-RI/jIEEvC53b3ovJ/88Al2Rz+FGJLpKAMPCyKuIJfW+6VGs9MN11sYj1K0cDN6GJQdUaPaXSkpHD7Hb+4aJ4lQ=="
    }
  }
}
